PODS:
  - Flutter (1.0.0)
  - itangoplugin (0.0.1):
    - Flutter

DEPENDENCIES:
  - Flutter (from `Flutter`)
  - itangoplugin (from `.symlinks/plugins/itangoplugin/ios`)

EXTERNAL SOURCES:
  Flutter:
    :path: Flutter
  itangoplugin:
    :path: ".symlinks/plugins/itangoplugin/ios"

SPEC CHECKSUMS:
  Flutter: 50d75fe2f02b26cc09d224853bb45737f8b3214a
  itangoplugin: 8aa41ce4169877fb32b01893de7505a6f13faeb0

PODFILE CHECKSUM: ef19549a9bc3046e7bb7d2fab4d021637c0c58a3

COCOAPODS: 1.11.3
